
Microsoft Visual Studio Solution File, Format Version 12.00
# Visual Studio 15
VisualStudioVersion = 15.0.27703.2035
MinimumVisualStudioVersion = 10.0.40219.1
Project("{FAE04EC0-301F-11D3-BF4B-00C04F79EFBC}") = "App3_Pratica.Android", "App3_Pratica\App3_Pratica.Android\App3_Pratica.Android.csproj", "{424CAB2E-2963-41CE-B94B-E9A433DE0999}"
EndProject
Project("{FAE04EC0-301F-11D3-BF4B-00C04F79EFBC}") = "App3_Pratica.iOS", "App3_Pratica\App3_Pratica.iOS\App3_Pratica.iOS.csproj", "{125F70D2-BE8D-40B8-BBA6-0844D877FA44}"
EndProject
Project("{FAE04EC0-301F-11D3-BF4B-00C04F79EFBC}") = "App3_Pratica.UWP", "App3_Pratica\App3_Pratica.UWP\App3_Pratica.UWP.csproj", "{6A7F3984-89A3-49D6-BEDF-A323C8E77237}"
EndProject
Project("{FAE04EC0-301F-11D3-BF4B-00C04F79EFBC}") = "App3_Pratica", "App3_Pratica\App3_Pratica\App3_Pratica.csproj", "{3F472256-D169-47F8-91C0-C96823BD6AD3}"
EndProject
Global
	GlobalSection(SolutionConfigurationPlatforms) = preSolution
		Ad-Hoc|Any CPU = Ad-Hoc|Any CPU
		Ad-Hoc|ARM = Ad-Hoc|ARM
		Ad-Hoc|iPhone = Ad-Hoc|iPhone
		Ad-Hoc|iPhoneSimulator = Ad-Hoc|iPhoneSimulator
		Ad-Hoc|x64 = Ad-Hoc|x64
		Ad-Hoc|x86 = Ad-Hoc|x86
		AppStore|Any CPU = AppStore|Any CPU
		AppStore|ARM = AppStore|ARM
		AppStore|iPhone = AppStore|iPhone
		AppStore|iPhoneSimulator = AppStore|iPhoneSimulator
		AppStore|x64 = AppStore|x64
		AppStore|x86 = AppStore|x86
		Debug|Any CPU = Debug|Any CPU
		Debug|ARM = Debug|ARM
		Debug|iPhone = Debug|iPhone
		Debug|iPhoneSimulator = Debug|iPhoneSimulator
		Debug|x64 = Debug|x64
		Debug|x86 = Debug|x86
		Release|Any CPU = Release|Any CPU
		Release|ARM = Release|ARM
		Release|iPhone = Release|iPhone
		Release|iPhoneSimulator = Release|iPhoneSimulator
		Release|x64 = Release|x64
		Release|x86 = Release|x86
	EndGlobalSection
	GlobalSection(ProjectConfigurationPlatforms) = postSolution
		{424CAB2E-2963-41CE-B94B-E9A433DE0999}.Ad-Hoc|Any CPU.ActiveCfg = Release|Any CPU
		{424CAB2E-2963-41CE-B94B-E9A433DE0999}.Ad-Hoc|Any CPU.Build.0 = Release|Any CPU
		{424CAB2E-2963-41CE-B94B-E9A433DE0999}.Ad-Hoc|Any CPU.Deploy.0 = Release|Any CPU
		{424CAB2E-2963-41CE-B94B-E9A433DE0999}.Ad-Hoc|ARM.ActiveCfg = Release|Any CPU
		{424CAB2E-2963-41CE-B94B-E9A433DE0999}.Ad-Hoc|ARM.Build.0 = Release|Any CPU
		{424CAB2E-2963-41CE-B94B-E9A433DE0999}.Ad-Hoc|ARM.Deploy.0 = Release|Any CPU
		{424CAB2E-2963-41CE-B94B-E9A433DE0999}.Ad-Hoc|iPhone.ActiveCfg = Release|Any CPU
		{424CAB2E-2963-41CE-B94B-E9A433DE0999}.Ad-Hoc|iPhone.Build.0 = Release|Any CPU
		{424CAB2E-2963-41CE-B94B-E9A433DE0999}.Ad-Hoc|iPhone.Deploy.0 = Release|Any CPU
		{424CAB2E-2963-41CE-B94B-E9A433DE0999}.Ad-Hoc|iPhoneSimulator.ActiveCfg = Release|Any CPU
		{424CAB2E-2963-41CE-B94B-E9A433DE0999}.Ad-Hoc|iPhoneSimulator.Build.0 = Release|Any CPU
		{424CAB2E-2963-41CE-B94B-E9A433DE0999}.Ad-Hoc|iPhoneSimulator.Deploy.0 = Release|Any CPU
		{424CAB2E-2963-41CE-B94B-E9A433DE0999}.Ad-Hoc|x64.ActiveCfg = Release|Any CPU
		{424CAB2E-2963-41CE-B94B-E9A433DE0999}.Ad-Hoc|x64.Build.0 = Release|Any CPU
		{424CAB2E-2963-41CE-B94B-E9A433DE0999}.Ad-Hoc|x64.Deploy.0 = Release|Any CPU
		{424CAB2E-2963-41CE-B94B-E9A433DE0999}.Ad-Hoc|x86.ActiveCfg = Release|Any CPU
		{424CAB2E-2963-41CE-B94B-E9A433DE0999}.Ad-Hoc|x86.Build.0 = Release|Any CPU
		{424CAB2E-2963-41CE-B94B-E9A433DE0999}.Ad-Hoc|x86.Deploy.0 = Release|Any CPU
		{424CAB2E-2963-41CE-B94B-E9A433DE0999}.AppStore|Any CPU.ActiveCfg = Release|Any CPU
		{424CAB2E-2963-41CE-B94B-E9A433DE0999}.AppStore|Any CPU.Build.0 = Release|Any CPU
		{424CAB2E-2963-41CE-B94B-E9A433DE0999}.AppStore|Any CPU.Deploy.0 = Release|Any CPU
		{424CAB2E-2963-41CE-B94B-E9A433DE0999}.AppStore|ARM.ActiveCfg = Release|Any CPU
		{424CAB2E-2963-41CE-B94B-E9A433DE0999}.AppStore|ARM.Build.0 = Release|Any CPU
		{424CAB2E-2963-41CE-B94B-E9A433DE0999}.AppStore|ARM.Deploy.0 = Release|Any CPU
		{424CAB2E-2963-41CE-B94B-E9A433DE0999}.AppStore|iPhone.ActiveCfg = Release|Any CPU
		{424CAB2E-2963-41CE-B94B-E9A433DE0999}.AppStore|iPhone.Build.0 = Release|Any CPU
		{424CAB2E-2963-41CE-B94B-E9A433DE0999}.AppStore|iPhone.Deploy.0 = Release|Any CPU
		{424CAB2E-2963-41CE-B94B-E9A433DE0999}.AppStore|iPhoneSimulator.ActiveCfg = Release|Any CPU
		{424CAB2E-2963-41CE-B94B-E9A433DE0999}.AppStore|iPhoneSimulator.Build.0 = Release|Any CPU
		{424CAB2E-2963-41CE-B94B-E9A433DE0999}.AppStore|iPhoneSimulator.Deploy.0 = Release|Any CPU
		{424CAB2E-2963-41CE-B94B-E9A433DE0999}.AppStore|x64.ActiveCfg = Release|Any CPU
		{424CAB2E-2963-41CE-B94B-E9A433DE0999}.AppStore|x64.Build.0 = Release|Any CPU
		{424CAB2E-2963-41CE-B94B-E9A433DE0999}.AppStore|x64.Deploy.0 = Release|Any CPU
		{424CAB2E-2963-41CE-B94B-E9A433DE0999}.AppStore|x86.ActiveCfg = Release|Any CPU
		{424CAB2E-2963-41CE-B94B-E9A433DE0999}.AppStore|x86.Build.0 = Release|Any CPU
		{424CAB2E-2963-41CE-B94B-E9A433DE0999}.AppStore|x86.Deploy.0 = Release|Any CPU
		{424CAB2E-2963-41CE-B94B-E9A433DE0999}.Debug|Any CPU.ActiveCfg = Debug|Any CPU
		{424CAB2E-2963-41CE-B94B-E9A433DE0999}.Debug|Any CPU.Build.0 = Debug|Any CPU
		{424CAB2E-2963-41CE-B94B-E9A433DE0999}.Debug|Any CPU.Deploy.0 = Debug|Any CPU
		{424CAB2E-2963-41CE-B94B-E9A433DE0999}.Debug|ARM.ActiveCfg = Debug|Any CPU
		{424CAB2E-2963-41CE-B94B-E9A433DE0999}.Debug|ARM.Build.0 = Debug|Any CPU
		{424CAB2E-2963-41CE-B94B-E9A433DE0999}.Debug|ARM.Deploy.0 = Debug|Any CPU
		{424CAB2E-2963-41CE-B94B-E9A433DE0999}.Debug|iPhone.ActiveCfg = Debug|Any CPU
		{424CAB2E-2963-41CE-B94B-E9A433DE0999}.Debug|iPhone.Build.0 = Debug|Any CPU
		{424CAB2E-2963-41CE-B94B-E9A433DE0999}.Debug|iPhone.Deploy.0 = Debug|Any CPU
		{424CAB2E-2963-41CE-B94B-E9A433DE0999}.Debug|iPhoneSimulator.ActiveCfg = Debug|Any CPU
		{424CAB2E-2963-41CE-B94B-E9A433DE0999}.Debug|iPhoneSimulator.Build.0 = Debug|Any CPU
		{424CAB2E-2963-41CE-B94B-E9A433DE0999}.Debug|iPhoneSimulator.Deploy.0 = Debug|Any CPU
		{424CAB2E-2963-41CE-B94B-E9A433DE0999}.Debug|x64.ActiveCfg = Debug|Any CPU
		{424CAB2E-2963-41CE-B94B-E9A433DE0999}.Debug|x64.Build.0 = Debug|Any CPU
		{424CAB2E-2963-41CE-B94B-E9A433DE0999}.Debug|x64.Deploy.0 = Debug|Any CPU
		{424CAB2E-2963-41CE-B94B-E9A433DE0999}.Debug|x86.ActiveCfg = Debug|Any CPU
		{424CAB2E-2963-41CE-B94B-E9A433DE0999}.Debug|x86.Build.0 = Debug|Any CPU
		{424CAB2E-2963-41CE-B94B-E9A433DE0999}.Debug|x86.Deploy.0 = Debug|Any CPU
		{424CAB2E-2963-41CE-B94B-E9A433DE0999}.Release|Any CPU.ActiveCfg = Release|Any CPU
		{424CAB2E-2963-41CE-B94B-E9A433DE0999}.Release|Any CPU.Build.0 = Release|Any CPU
		{424CAB2E-2963-41CE-B94B-E9A433DE0999}.Release|Any CPU.Deploy.0 = Release|Any CPU
		{424CAB2E-2963-41CE-B94B-E9A433DE0999}.Release|ARM.ActiveCfg = Release|Any CPU
		{424CAB2E-2963-41CE-B94B-E9A433DE0999}.Release|ARM.Build.0 = Release|Any CPU
		{424CAB2E-2963-41CE-B94B-E9A433DE0999}.Release|ARM.Deploy.0 = Release|Any CPU
		{424CAB2E-2963-41CE-B94B-E9A433DE0999}.Release|iPhone.ActiveCfg = Release|Any CPU
		{424CAB2E-2963-41CE-B94B-E9A433DE0999}.Release|iPhone.Build.0 = Release|Any CPU
		{424CAB2E-2963-41CE-B94B-E9A433DE0999}.Release|iPhone.Deploy.0 = Release|Any CPU
		{424CAB2E-2963-41CE-B94B-E9A433DE0999}.Release|iPhoneSimulator.ActiveCfg = Release|Any CPU
		{424CAB2E-2963-41CE-B94B-E9A433DE0999}.Release|iPhoneSimulator.Build.0 = Release|Any CPU
		{424CAB2E-2963-41CE-B94B-E9A433DE0999}.Release|iPhoneSimulator.Deploy.0 = Release|Any CPU
		{424CAB2E-2963-41CE-B94B-E9A433DE0999}.Release|x64.ActiveCfg = Release|Any CPU
		{424CAB2E-2963-41CE-B94B-E9A433DE0999}.Release|x64.Build.0 = Release|Any CPU
		{424CAB2E-2963-41CE-B94B-E9A433DE0999}.Release|x64.Deploy.0 = Release|Any CPU
		{424CAB2E-2963-41CE-B94B-E9A433DE0999}.Release|x86.ActiveCfg = Release|Any CPU
		{424CAB2E-2963-41CE-B94B-E9A433DE0999}.Release|x86.Build.0 = Release|Any CPU
		{424CAB2E-2963-41CE-B94B-E9A433DE0999}.Release|x86.Deploy.0 = Release|Any CPU
		{125F70D2-BE8D-40B8-BBA6-0844D877FA44}.Ad-Hoc|Any CPU.ActiveCfg = Ad-Hoc|iPhone
		{125F70D2-BE8D-40B8-BBA6-0844D877FA44}.Ad-Hoc|Any CPU.Build.0 = Ad-Hoc|iPhone
		{125F70D2-BE8D-40B8-BBA6-0844D877FA44}.Ad-Hoc|Any CPU.Deploy.0 = Ad-Hoc|iPhone
		{125F70D2-BE8D-40B8-BBA6-0844D877FA44}.Ad-Hoc|ARM.ActiveCfg = Ad-Hoc|iPhone
		{125F70D2-BE8D-40B8-BBA6-0844D877FA44}.Ad-Hoc|ARM.Build.0 = Ad-Hoc|iPhone
		{125F70D2-BE8D-40B8-BBA6-0844D877FA44}.Ad-Hoc|ARM.Deploy.0 = Ad-Hoc|iPhone
		{125F70D2-BE8D-40B8-BBA6-0844D877FA44}.Ad-Hoc|iPhone.ActiveCfg = Ad-Hoc|iPhone
		{125F70D2-BE8D-40B8-BBA6-0844D877FA44}.Ad-Hoc|iPhone.Build.0 = Ad-Hoc|iPhone
		{125F70D2-BE8D-40B8-BBA6-0844D877FA44}.Ad-Hoc|iPhone.Deploy.0 = Ad-Hoc|iPhone
		{125F70D2-BE8D-40B8-BBA6-0844D877FA44}.Ad-Hoc|iPhoneSimulator.ActiveCfg = Ad-Hoc|iPhoneSimulator
		{125F70D2-BE8D-40B8-BBA6-0844D877FA44}.Ad-Hoc|iPhoneSimulator.Build.0 = Ad-Hoc|iPhoneSimulator
		{125F70D2-BE8D-40B8-BBA6-0844D877FA44}.Ad-Hoc|iPhoneSimulator.Deploy.0 = Ad-Hoc|iPhoneSimulator
		{125F70D2-BE8D-40B8-BBA6-0844D877FA44}.Ad-Hoc|x64.ActiveCfg = Ad-Hoc|iPhone
		{125F70D2-BE8D-40B8-BBA6-0844D877FA44}.Ad-Hoc|x64.Build.0 = Ad-Hoc|iPhone
		{125F70D2-BE8D-40B8-BBA6-0844D877FA44}.Ad-Hoc|x64.Deploy.0 = Ad-Hoc|iPhone
		{125F70D2-BE8D-40B8-BBA6-0844D877FA44}.Ad-Hoc|x86.ActiveCfg = Ad-Hoc|iPhone
		{125F70D2-BE8D-40B8-BBA6-0844D877FA44}.Ad-Hoc|x86.Build.0 = Ad-Hoc|iPhone
		{125F70D2-BE8D-40B8-BBA6-0844D877FA44}.Ad-Hoc|x86.Deploy.0 = Ad-Hoc|iPhone
		{125F70D2-BE8D-40B8-BBA6-0844D877FA44}.AppStore|Any CPU.ActiveCfg = AppStore|iPhone
		{125F70D2-BE8D-40B8-BBA6-0844D877FA44}.AppStore|Any CPU.Build.0 = AppStore|iPhone
		{125F70D2-BE8D-40B8-BBA6-0844D877FA44}.AppStore|Any CPU.Deploy.0 = AppStore|iPhone
		{125F70D2-BE8D-40B8-BBA6-0844D877FA44}.AppStore|ARM.ActiveCfg = AppStore|iPhone
		{125F70D2-BE8D-40B8-BBA6-0844D877FA44}.AppStore|ARM.Build.0 = AppStore|iPhone
		{125F70D2-BE8D-40B8-BBA6-0844D877FA44}.AppStore|ARM.Deploy.0 = AppStore|iPhone
		{125F70D2-BE8D-40B8-BBA6-0844D877FA44}.AppStore|iPhone.ActiveCfg = AppStore|iPhone
		{125F70D2-BE8D-40B8-BBA6-0844D877FA44}.AppStore|iPhone.Build.0 = AppStore|iPhone
		{125F70D2-BE8D-40B8-BBA6-0844D877FA44}.AppStore|iPhone.Deploy.0 = AppStore|iPhone
		{125F70D2-BE8D-40B8-BBA6-0844D877FA44}.AppStore|iPhoneSimulator.ActiveCfg = AppStore|iPhoneSimulator
		{125F70D2-BE8D-40B8-BBA6-0844D877FA44}.AppStore|iPhoneSimulator.Build.0 = AppStore|iPhoneSimulator
		{125F70D2-BE8D-40B8-BBA6-0844D877FA44}.AppStore|iPhoneSimulator.Deploy.0 = AppStore|iPhoneSimulator
		{125F70D2-BE8D-40B8-BBA6-0844D877FA44}.AppStore|x64.ActiveCfg = AppStore|iPhone
		{125F70D2-BE8D-40B8-BBA6-0844D877FA44}.AppStore|x64.Build.0 = AppStore|iPhone
		{125F70D2-BE8D-40B8-BBA6-0844D877FA44}.AppStore|x64.Deploy.0 = AppStore|iPhone
		{125F70D2-BE8D-40B8-BBA6-0844D877FA44}.AppStore|x86.ActiveCfg = AppStore|iPhone
		{125F70D2-BE8D-40B8-BBA6-0844D877FA44}.AppStore|x86.Build.0 = AppStore|iPhone
		{125F70D2-BE8D-40B8-BBA6-0844D877FA44}.AppStore|x86.Deploy.0 = AppStore|iPhone
		{125F70D2-BE8D-40B8-BBA6-0844D877FA44}.Debug|Any CPU.ActiveCfg = Debug|iPhoneSimulator
		{125F70D2-BE8D-40B8-BBA6-0844D877FA44}.Debug|Any CPU.Build.0 = Debug|iPhoneSimulator
		{125F70D2-BE8D-40B8-BBA6-0844D877FA44}.Debug|Any CPU.Deploy.0 = Debug|iPhoneSimulator
		{125F70D2-BE8D-40B8-BBA6-0844D877FA44}.Debug|ARM.ActiveCfg = Debug|iPhone
		{125F70D2-BE8D-40B8-BBA6-0844D877FA44}.Debug|ARM.Build.0 = Debug|iPhone
		{125F70D2-BE8D-40B8-BBA6-0844D877FA44}.Debug|ARM.Deploy.0 = Debug|iPhone
		{125F70D2-BE8D-40B8-BBA6-0844D877FA44}.Debug|iPhone.ActiveCfg = Debug|iPhone
		{125F70D2-BE8D-40B8-BBA6-0844D877FA44}.Debug|iPhone.Build.0 = Debug|iPhone
		{125F70D2-BE8D-40B8-BBA6-0844D877FA44}.Debug|iPhone.Deploy.0 = Debug|iPhone
		{125F70D2-BE8D-40B8-BBA6-0844D877FA44}.Debug|iPhoneSimulator.ActiveCfg = Debug|iPhoneSimulator
		{125F70D2-BE8D-40B8-BBA6-0844D877FA44}.Debug|iPhoneSimulator.Build.0 = Debug|iPhoneSimulator
		{125F70D2-BE8D-40B8-BBA6-0844D877FA44}.Debug|iPhoneSimulator.Deploy.0 = Debug|iPhoneSimulator
		{125F70D2-BE8D-40B8-BBA6-0844D877FA44}.Debug|x64.ActiveCfg = Debug|iPhone
		{125F70D2-BE8D-40B8-BBA6-0844D877FA44}.Debug|x64.Build.0 = Debug|iPhone
		{125F70D2-BE8D-40B8-BBA6-0844D877FA44}.Debug|x64.Deploy.0 = Debug|iPhone
		{125F70D2-BE8D-40B8-BBA6-0844D877FA44}.Debug|x86.ActiveCfg = Debug|iPhone
		{125F70D2-BE8D-40B8-BBA6-0844D877FA44}.Debug|x86.Build.0 = Debug|iPhone
		{125F70D2-BE8D-40B8-BBA6-0844D877FA44}.Debug|x86.Deploy.0 = Debug|iPhone
		{125F70D2-BE8D-40B8-BBA6-0844D877FA44}.Release|Any CPU.ActiveCfg = Release|iPhone
		{125F70D2-BE8D-40B8-BBA6-0844D877FA44}.Release|Any CPU.Build.0 = Release|iPhone
		{125F70D2-BE8D-40B8-BBA6-0844D877FA44}.Release|Any CPU.Deploy.0 = Release|iPhone
		{125F70D2-BE8D-40B8-BBA6-0844D877FA44}.Release|ARM.ActiveCfg = Release|iPhone
		{125F70D2-BE8D-40B8-BBA6-0844D877FA44}.Release|ARM.Build.0 = Release|iPhone
		{125F70D2-BE8D-40B8-BBA6-0844D877FA44}.Release|ARM.Deploy.0 = Release|iPhone
		{125F70D2-BE8D-40B8-BBA6-0844D877FA44}.Release|iPhone.ActiveCfg = Release|iPhone
		{125F70D2-BE8D-40B8-BBA6-0844D877FA44}.Release|iPhone.Build.0 = Release|iPhone
		{125F70D2-BE8D-40B8-BBA6-0844D877FA44}.Release|iPhone.Deploy.0 = Release|iPhone
		{125F70D2-BE8D-40B8-BBA6-0844D877FA44}.Release|iPhoneSimulator.ActiveCfg = Release|iPhoneSimulator
		{125F70D2-BE8D-40B8-BBA6-0844D877FA44}.Release|iPhoneSimulator.Build.0 = Release|iPhoneSimulator
		{125F70D2-BE8D-40B8-BBA6-0844D877FA44}.Release|iPhoneSimulator.Deploy.0 = Release|iPhoneSimulator
		{125F70D2-BE8D-40B8-BBA6-0844D877FA44}.Release|x64.ActiveCfg = Release|iPhone
		{125F70D2-BE8D-40B8-BBA6-0844D877FA44}.Release|x64.Build.0 = Release|iPhone
		{125F70D2-BE8D-40B8-BBA6-0844D877FA44}.Release|x64.Deploy.0 = Release|iPhone
		{125F70D2-BE8D-40B8-BBA6-0844D877FA44}.Release|x86.ActiveCfg = Release|iPhone
		{125F70D2-BE8D-40B8-BBA6-0844D877FA44}.Release|x86.Build.0 = Release|iPhone
		{125F70D2-BE8D-40B8-BBA6-0844D877FA44}.Release|x86.Deploy.0 = Release|iPhone
		{6A7F3984-89A3-49D6-BEDF-A323C8E77237}.Ad-Hoc|Any CPU.ActiveCfg = Release|x86
		{6A7F3984-89A3-49D6-BEDF-A323C8E77237}.Ad-Hoc|Any CPU.Build.0 = Release|x86
		{6A7F3984-89A3-49D6-BEDF-A323C8E77237}.Ad-Hoc|Any CPU.Deploy.0 = Release|x86
		{6A7F3984-89A3-49D6-BEDF-A323C8E77237}.Ad-Hoc|ARM.ActiveCfg = Release|ARM
		{6A7F3984-89A3-49D6-BEDF-A323C8E77237}.Ad-Hoc|ARM.Build.0 = Release|ARM
		{6A7F3984-89A3-49D6-BEDF-A323C8E77237}.Ad-Hoc|ARM.Deploy.0 = Release|ARM
		{6A7F3984-89A3-49D6-BEDF-A323C8E77237}.Ad-Hoc|iPhone.ActiveCfg = Release|x86
		{6A7F3984-89A3-49D6-BEDF-A323C8E77237}.Ad-Hoc|iPhone.Build.0 = Release|x86
		{6A7F3984-89A3-49D6-BEDF-A323C8E77237}.Ad-Hoc|iPhone.Deploy.0 = Release|x86
		{6A7F3984-89A3-49D6-BEDF-A323C8E77237}.Ad-Hoc|iPhoneSimulator.ActiveCfg = Release|x86
		{6A7F3984-89A3-49D6-BEDF-A323C8E77237}.Ad-Hoc|iPhoneSimulator.Build.0 = Release|x86
		{6A7F3984-89A3-49D6-BEDF-A323C8E77237}.Ad-Hoc|iPhoneSimulator.Deploy.0 = Release|x86
		{6A7F3984-89A3-49D6-BEDF-A323C8E77237}.Ad-Hoc|x64.ActiveCfg = Release|x64
		{6A7F3984-89A3-49D6-BEDF-A323C8E77237}.Ad-Hoc|x64.Build.0 = Release|x64
		{6A7F3984-89A3-49D6-BEDF-A323C8E77237}.Ad-Hoc|x64.Deploy.0 = Release|x64
		{6A7F3984-89A3-49D6-BEDF-A323C8E77237}.Ad-Hoc|x86.ActiveCfg = Release|x86
		{6A7F3984-89A3-49D6-BEDF-A323C8E77237}.Ad-Hoc|x86.Build.0 = Release|x86
		{6A7F3984-89A3-49D6-BEDF-A323C8E77237}.Ad-Hoc|x86.Deploy.0 = Release|x86
		{6A7F3984-89A3-49D6-BEDF-A323C8E77237}.AppStore|Any CPU.ActiveCfg = Release|x86
		{6A7F3984-89A3-49D6-BEDF-A323C8E77237}.AppStore|Any CPU.Build.0 = Release|x86
		{6A7F3984-89A3-49D6-BEDF-A323C8E77237}.AppStore|Any CPU.Deploy.0 = Release|x86
		{6A7F3984-89A3-49D6-BEDF-A323C8E77237}.AppStore|ARM.ActiveCfg = Release|ARM
		{6A7F3984-89A3-49D6-BEDF-A323C8E77237}.AppStore|ARM.Build.0 = Release|ARM
		{6A7F3984-89A3-49D6-BEDF-A323C8E77237}.AppStore|ARM.Deploy.0 = Release|ARM
		{6A7F3984-89A3-49D6-BEDF-A323C8E77237}.AppStore|iPhone.ActiveCfg = Release|x86
		{6A7F3984-89A3-49D6-BEDF-A323C8E77237}.AppStore|iPhone.Build.0 = Release|x86
		{6A7F3984-89A3-49D6-BEDF-A323C8E77237}.AppStore|iPhone.Deploy.0 = Release|x86
		{6A7F3984-89A3-49D6-BEDF-A323C8E77237}.AppStore|iPhoneSimulator.ActiveCfg = Release|x86
		{6A7F3984-89A3-49D6-BEDF-A323C8E77237}.AppStore|iPhoneSimulator.Build.0 = Release|x86
		{6A7F3984-89A3-49D6-BEDF-A323C8E77237}.AppStore|iPhoneSimulator.Deploy.0 = Release|x86
		{6A7F3984-89A3-49D6-BEDF-A323C8E77237}.AppStore|x64.ActiveCfg = Release|x64
		{6A7F3984-89A3-49D6-BEDF-A323C8E77237}.AppStore|x64.Build.0 = Release|x64
		{6A7F3984-89A3-49D6-BEDF-A323C8E77237}.AppStore|x64.Deploy.0 = Release|x64
		{6A7F3984-89A3-49D6-BEDF-A323C8E77237}.AppStore|x86.ActiveCfg = Release|x86
		{6A7F3984-89A3-49D6-BEDF-A323C8E77237}.AppStore|x86.Build.0 = Release|x86
		{6A7F3984-89A3-49D6-BEDF-A323C8E77237}.AppStore|x86.Deploy.0 = Release|x86
		{6A7F3984-89A3-49D6-BEDF-A323C8E77237}.Debug|Any CPU.ActiveCfg = Debug|x86
		{6A7F3984-89A3-49D6-BEDF-A323C8E77237}.Debug|Any CPU.Build.0 = Debug|x86
		{6A7F3984-89A3-49D6-BEDF-A323C8E77237}.Debug|Any CPU.Deploy.0 = Debug|x86
		{6A7F3984-89A3-49D6-BEDF-A323C8E77237}.Debug|ARM.ActiveCfg = Debug|ARM
		{6A7F3984-89A3-49D6-BEDF-A323C8E77237}.Debug|ARM.Build.0 = Debug|ARM
		{6A7F3984-89A3-49D6-BEDF-A323C8E77237}.Debug|ARM.Deploy.0 = Debug|ARM
		{6A7F3984-89A3-49D6-BEDF-A323C8E77237}.Debug|iPhone.ActiveCfg = Debug|x86
		{6A7F3984-89A3-49D6-BEDF-A323C8E77237}.Debug|iPhone.Build.0 = Debug|x86
		{6A7F3984-89A3-49D6-BEDF-A323C8E77237}.Debug|iPhone.Deploy.0 = Debug|x86
		{6A7F3984-89A3-49D6-BEDF-A323C8E77237}.Debug|iPhoneSimulator.ActiveCfg = Debug|x86
		{6A7F3984-89A3-49D6-BEDF-A323C8E77237}.Debug|iPhoneSimulator.Build.0 = Debug|x86
		{6A7F3984-89A3-49D6-BEDF-A323C8E77237}.Debug|iPhoneSimulator.Deploy.0 = Debug|x86
		{6A7F3984-89A3-49D6-BEDF-A323C8E77237}.Debug|x64.ActiveCfg = Debug|x64
		{6A7F3984-89A3-49D6-BEDF-A323C8E77237}.Debug|x64.Build.0 = Debug|x64
		{6A7F3984-89A3-49D6-BEDF-A323C8E77237}.Debug|x64.Deploy.0 = Debug|x64
		{6A7F3984-89A3-49D6-BEDF-A323C8E77237}.Debug|x86.ActiveCfg = Debug|x86
		{6A7F3984-89A3-49D6-BEDF-A323C8E77237}.Debug|x86.Build.0 = Debug|x86
		{6A7F3984-89A3-49D6-BEDF-A323C8E77237}.Debug|x86.Deploy.0 = Debug|x86
		{6A7F3984-89A3-49D6-BEDF-A323C8E77237}.Release|Any CPU.ActiveCfg = Release|x86
		{6A7F3984-89A3-49D6-BEDF-A323C8E77237}.Release|Any CPU.Build.0 = Release|x86
		{6A7F3984-89A3-49D6-BEDF-A323C8E77237}.Release|Any CPU.Deploy.0 = Release|x86
		{6A7F3984-89A3-49D6-BEDF-A323C8E77237}.Release|ARM.ActiveCfg = Release|ARM
		{6A7F3984-89A3-49D6-BEDF-A323C8E77237}.Release|ARM.Build.0 = Release|ARM
		{6A7F3984-89A3-49D6-BEDF-A323C8E77237}.Release|ARM.Deploy.0 = Release|ARM
		{6A7F3984-89A3-49D6-BEDF-A323C8E77237}.Release|iPhone.ActiveCfg = Release|x86
		{6A7F3984-89A3-49D6-BEDF-A323C8E77237}.Release|iPhone.Build.0 = Release|x86
		{6A7F3984-89A3-49D6-BEDF-A323C8E77237}.Release|iPhone.Deploy.0 = Release|x86
		{6A7F3984-89A3-49D6-BEDF-A323C8E77237}.Release|iPhoneSimulator.ActiveCfg = Release|x86
		{6A7F3984-89A3-49D6-BEDF-A323C8E77237}.Release|iPhoneSimulator.Build.0 = Release|x86
		{6A7F3984-89A3-49D6-BEDF-A323C8E77237}.Release|iPhoneSimulator.Deploy.0 = Release|x86
		{6A7F3984-89A3-49D6-BEDF-A323C8E77237}.Release|x64.ActiveCfg = Release|x64
		{6A7F3984-89A3-49D6-BEDF-A323C8E77237}.Release|x64.Build.0 = Release|x64
		{6A7F3984-89A3-49D6-BEDF-A323C8E77237}.Release|x64.Deploy.0 = Release|x64
		{6A7F3984-89A3-49D6-BEDF-A323C8E77237}.Release|x86.ActiveCfg = Release|x86
		{6A7F3984-89A3-49D6-BEDF-A323C8E77237}.Release|x86.Build.0 = Release|x86
		{6A7F3984-89A3-49D6-BEDF-A323C8E77237}.Release|x86.Deploy.0 = Release|x86
		{3F472256-D169-47F8-91C0-C96823BD6AD3}.Ad-Hoc|Any CPU.ActiveCfg = Debug|Any CPU
		{3F472256-D169-47F8-91C0-C96823BD6AD3}.Ad-Hoc|Any CPU.Build.0 = Debug|Any CPU
		{3F472256-D169-47F8-91C0-C96823BD6AD3}.Ad-Hoc|Any CPU.Deploy.0 = Debug|Any CPU
		{3F472256-D169-47F8-91C0-C96823BD6AD3}.Ad-Hoc|ARM.ActiveCfg = Debug|Any CPU
		{3F472256-D169-47F8-91C0-C96823BD6AD3}.Ad-Hoc|ARM.Build.0 = Debug|Any CPU
		{3F472256-D169-47F8-91C0-C96823BD6AD3}.Ad-Hoc|ARM.Deploy.0 = Debug|Any CPU
		{3F472256-D169-47F8-91C0-C96823BD6AD3}.Ad-Hoc|iPhone.ActiveCfg = Debug|Any CPU
		{3F472256-D169-47F8-91C0-C96823BD6AD3}.Ad-Hoc|iPhone.Build.0 = Debug|Any CPU
		{3F472256-D169-47F8-91C0-C96823BD6AD3}.Ad-Hoc|iPhone.Deploy.0 = Debug|Any CPU
		{3F472256-D169-47F8-91C0-C96823BD6AD3}.Ad-Hoc|iPhoneSimulator.ActiveCfg = Debug|Any CPU
		{3F472256-D169-47F8-91C0-C96823BD6AD3}.Ad-Hoc|iPhoneSimulator.Build.0 = Debug|Any CPU
		{3F472256-D169-47F8-91C0-C96823BD6AD3}.Ad-Hoc|iPhoneSimulator.Deploy.0 = Debug|Any CPU
		{3F472256-D169-47F8-91C0-C96823BD6AD3}.Ad-Hoc|x64.ActiveCfg = Debug|Any CPU
		{3F472256-D169-47F8-91C0-C96823BD6AD3}.Ad-Hoc|x64.Build.0 = Debug|Any CPU
		{3F472256-D169-47F8-91C0-C96823BD6AD3}.Ad-Hoc|x64.Deploy.0 = Debug|Any CPU
		{3F472256-D169-47F8-91C0-C96823BD6AD3}.Ad-Hoc|x86.ActiveCfg = Debug|Any CPU
		{3F472256-D169-47F8-91C0-C96823BD6AD3}.Ad-Hoc|x86.Build.0 = Debug|Any CPU
		{3F472256-D169-47F8-91C0-C96823BD6AD3}.Ad-Hoc|x86.Deploy.0 = Debug|Any CPU
		{3F472256-D169-47F8-91C0-C96823BD6AD3}.AppStore|Any CPU.ActiveCfg = Debug|Any CPU
		{3F472256-D169-47F8-91C0-C96823BD6AD3}.AppStore|Any CPU.Build.0 = Debug|Any CPU
		{3F472256-D169-47F8-91C0-C96823BD6AD3}.AppStore|Any CPU.Deploy.0 = Debug|Any CPU
		{3F472256-D169-47F8-91C0-C96823BD6AD3}.AppStore|ARM.ActiveCfg = Debug|Any CPU
		{3F472256-D169-47F8-91C0-C96823BD6AD3}.AppStore|ARM.Build.0 = Debug|Any CPU
		{3F472256-D169-47F8-91C0-C96823BD6AD3}.AppStore|ARM.Deploy.0 = Debug|Any CPU
		{3F472256-D169-47F8-91C0-C96823BD6AD3}.AppStore|iPhone.ActiveCfg = Debug|Any CPU
		{3F472256-D169-47F8-91C0-C96823BD6AD3}.AppStore|iPhone.Build.0 = Debug|Any CPU
		{3F472256-D169-47F8-91C0-C96823BD6AD3}.AppStore|iPhone.Deploy.0 = Debug|Any CPU
		{3F472256-D169-47F8-91C0-C96823BD6AD3}.AppStore|iPhoneSimulator.ActiveCfg = Debug|Any CPU
		{3F472256-D169-47F8-91C0-C96823BD6AD3}.AppStore|iPhoneSimulator.Build.0 = Debug|Any CPU
		{3F472256-D169-47F8-91C0-C96823BD6AD3}.AppStore|iPhoneSimulator.Deploy.0 = Debug|Any CPU
		{3F472256-D169-47F8-91C0-C96823BD6AD3}.AppStore|x64.ActiveCfg = Debug|Any CPU
		{3F472256-D169-47F8-91C0-C96823BD6AD3}.AppStore|x64.Build.0 = Debug|Any CPU
		{3F472256-D169-47F8-91C0-C96823BD6AD3}.AppStore|x64.Deploy.0 = Debug|Any CPU
		{3F472256-D169-47F8-91C0-C96823BD6AD3}.AppStore|x86.ActiveCfg = Debug|Any CPU
		{3F472256-D169-47F8-91C0-C96823BD6AD3}.AppStore|x86.Build.0 = Debug|Any CPU
		{3F472256-D169-47F8-91C0-C96823BD6AD3}.AppStore|x86.Deploy.0 = Debug|Any CPU
		{3F472256-D169-47F8-91C0-C96823BD6AD3}.Debug|Any CPU.ActiveCfg = Debug|Any CPU
		{3F472256-D169-47F8-91C0-C96823BD6AD3}.Debug|Any CPU.Build.0 = Debug|Any CPU
		{3F472256-D169-47F8-91C0-C96823BD6AD3}.Debug|Any CPU.Deploy.0 = Debug|Any CPU
		{3F472256-D169-47F8-91C0-C96823BD6AD3}.Debug|ARM.ActiveCfg = Debug|Any CPU
		{3F472256-D169-47F8-91C0-C96823BD6AD3}.Debug|ARM.Build.0 = Debug|Any CPU
		{3F472256-D169-47F8-91C0-C96823BD6AD3}.Debug|ARM.Deploy.0 = Debug|Any CPU
		{3F472256-D169-47F8-91C0-C96823BD6AD3}.Debug|iPhone.ActiveCfg = Debug|Any CPU
		{3F472256-D169-47F8-91C0-C96823BD6AD3}.Debug|iPhone.Build.0 = Debug|Any CPU
		{3F472256-D169-47F8-91C0-C96823BD6AD3}.Debug|iPhone.Deploy.0 = Debug|Any CPU
		{3F472256-D169-47F8-91C0-C96823BD6AD3}.Debug|iPhoneSimulator.ActiveCfg = Debug|Any CPU
		{3F472256-D169-47F8-91C0-C96823BD6AD3}.Debug|iPhoneSimulator.Build.0 = Debug|Any CPU
		{3F472256-D169-47F8-91C0-C96823BD6AD3}.Debug|iPhoneSimulator.Deploy.0 = Debug|Any CPU
		{3F472256-D169-47F8-91C0-C96823BD6AD3}.Debug|x64.ActiveCfg = Debug|Any CPU
		{3F472256-D169-47F8-91C0-C96823BD6AD3}.Debug|x64.Build.0 = Debug|Any CPU
		{3F472256-D169-47F8-91C0-C96823BD6AD3}.Debug|x64.Deploy.0 = Debug|Any CPU
		{3F472256-D169-47F8-91C0-C96823BD6AD3}.Debug|x86.ActiveCfg = Debug|Any CPU
		{3F472256-D169-47F8-91C0-C96823BD6AD3}.Debug|x86.Build.0 = Debug|Any CPU
		{3F472256-D169-47F8-91C0-C96823BD6AD3}.Debug|x86.Deploy.0 = Debug|Any CPU
		{3F472256-D169-47F8-91C0-C96823BD6AD3}.Release|Any CPU.ActiveCfg = Release|Any CPU
		{3F472256-D169-47F8-91C0-C96823BD6AD3}.Release|Any CPU.Build.0 = Release|Any CPU
		{3F472256-D169-47F8-91C0-C96823BD6AD3}.Release|Any CPU.Deploy.0 = Release|Any CPU
		{3F472256-D169-47F8-91C0-C96823BD6AD3}.Release|ARM.ActiveCfg = Release|Any CPU
		{3F472256-D169-47F8-91C0-C96823BD6AD3}.Release|ARM.Build.0 = Release|Any CPU
		{3F472256-D169-47F8-91C0-C96823BD6AD3}.Release|ARM.Deploy.0 = Release|Any CPU
		{3F472256-D169-47F8-91C0-C96823BD6AD3}.Release|iPhone.ActiveCfg = Release|Any CPU
		{3F472256-D169-47F8-91C0-C96823BD6AD3}.Release|iPhone.Build.0 = Release|Any CPU
		{3F472256-D169-47F8-91C0-C96823BD6AD3}.Release|iPhone.Deploy.0 = Release|Any CPU
		{3F472256-D169-47F8-91C0-C96823BD6AD3}.Release|iPhoneSimulator.ActiveCfg = Release|Any CPU
		{3F472256-D169-47F8-91C0-C96823BD6AD3}.Release|iPhoneSimulator.Build.0 = Release|Any CPU
		{3F472256-D169-47F8-91C0-C96823BD6AD3}.Release|iPhoneSimulator.Deploy.0 = Release|Any CPU
		{3F472256-D169-47F8-91C0-C96823BD6AD3}.Release|x64.ActiveCfg = Release|Any CPU
		{3F472256-D169-47F8-91C0-C96823BD6AD3}.Release|x64.Build.0 = Release|Any CPU
		{3F472256-D169-47F8-91C0-C96823BD6AD3}.Release|x64.Deploy.0 = Release|Any CPU
		{3F472256-D169-47F8-91C0-C96823BD6AD3}.Release|x86.ActiveCfg = Release|Any CPU
		{3F472256-D169-47F8-91C0-C96823BD6AD3}.Release|x86.Build.0 = Release|Any CPU
		{3F472256-D169-47F8-91C0-C96823BD6AD3}.Release|x86.Deploy.0 = Release|Any CPU
	EndGlobalSection
	GlobalSection(SolutionProperties) = preSolution
		HideSolutionNode = FALSE
	EndGlobalSection
	GlobalSection(ExtensibilityGlobals) = postSolution
		SolutionGuid = {979BFE72-64A3-47BE-8DCA-86836E8E7399}
	EndGlobalSection
EndGlobal
